<Solution>
  <Project Path="ADO.NET/ADO.NET.csproj" />
  <Project Path="EntityFramework_Migration_Example1/EntityFramework_Migration_Example1.csproj" Id="e2f37e6e-44ab-4606-8cf3-585033f6c8c0" />
  <Project Path="FileAndStream/FileAndStream.csproj" Id="d5064fe7-890d-4d78-ad78-70366fbe0ef9" />
</Solution>
